
Microsoft Visual Studio Solution File, Format Version 12.00
# Visual Studio 15
VisualStudioVersion = 15.0.27130.2024
MinimumVisualStudioVersion = 10.0.40219.1
Project("{8BC9CEB8-8B4A-11D0-8D11-00A0C91BC942}") = "FoodieeCrawler", "prj\FoodCrawlie.vcxproj", "{CC59CD1E-0649-40A1-95D8-6AE57E9C1AA1}"
EndProject
Global
	GlobalSection(SolutionConfigurationPlatforms) = preSolution
		Debug|x64 = Debug|x64
		Debug|x86 = Debug|x86
		Release|x64 = Release|x64
		Release|x86 = Release|x86
	EndGlobalSection
	GlobalSection(ProjectConfigurationPlatforms) = postSolution
		{CC59CD1E-0649-40A1-95D8-6AE57E9C1AA1}.Debug|x64.ActiveCfg = Debug|x64
		{CC59CD1E-0649-40A1-95D8-6AE57E9C1AA1}.Debug|x64.Build.0 = Debug|x64
		{CC59CD1E-0649-40A1-95D8-6AE57E9C1AA1}.Debug|x86.ActiveCfg = Debug|Win32
		{CC59CD1E-0649-40A1-95D8-6AE57E9C1AA1}.Debug|x86.Build.0 = Debug|Win32
		{CC59CD1E-0649-40A1-95D8-6AE57E9C1AA1}.Release|x64.ActiveCfg = Release|x64
		{CC59CD1E-0649-40A1-95D8-6AE57E9C1AA1}.Release|x64.Build.0 = Release|x64
		{CC59CD1E-0649-40A1-95D8-6AE57E9C1AA1}.Release|x86.ActiveCfg = Release|Win32
		{CC59CD1E-0649-40A1-95D8-6AE57E9C1AA1}.Release|x86.Build.0 = Release|Win32
	EndGlobalSection
	GlobalSection(SolutionProperties) = preSolution
		HideSolutionNode = FALSE
	EndGlobalSection
	GlobalSection(ExtensibilityGlobals) = postSolution
		SolutionGuid = {003746B4-1313-49B2-BF08-77EE47C28AE4}
	EndGlobalSection
EndGlobal
